
Microsoft Visual Studio Solution File, Format Version 12.00
# Visual Studio Version 17
VisualStudioVersion = 17.5.002.0
MinimumVisualStudioVersion = 10.0.40219.1
Project("{9A19103F-16F7-4668-BE54-9A1E7A4F7556}") = "DesafioFundamentos", "DesafioFundamentos\DesafioFundamentos.csproj", "{D2AAE2F2-3FB7-43A4-AD91-DF749AB932EF}"
EndProject
Global
	GlobalSection(SolutionConfigurationPlatforms) = preSolution
		Debug|Any CPU = Debug|Any CPU
		Release|Any CPU = Release|Any CPU
	EndGlobalSection
	GlobalSection(ProjectConfigurationPlatforms) = postSolution
		{D2AAE2F2-3FB7-43A4-AD91-DF749AB932EF}.Debug|Any CPU.ActiveCfg = Debug|Any CPU
		{D2AAE2F2-3FB7-43A4-AD91-DF749AB932EF}.Debug|Any CPU.Build.0 = Debug|Any CPU
		{D2AAE2F2-3FB7-43A4-AD91-DF749AB932EF}.Release|Any CPU.ActiveCfg = Release|Any CPU
		{D2AAE2F2-3FB7-43A4-AD91-DF749AB932EF}.Release|Any CPU.Build.0 = Release|Any CPU
	EndGlobalSection
	GlobalSection(SolutionProperties) = preSolution
		HideSolutionNode = FALSE
	EndGlobalSection
	GlobalSection(ExtensibilityGlobals) = postSolution
		SolutionGuid = {9D80B424-8E91-4B2F-9DA7-C4A652EC73ED}
	EndGlobalSection
EndGlobal
